// !$*UTF8*$!
{
	archiveVersion = 1;
	classes = {
	};
	objectVersion = 46;
	objects = {

/* Begin PBXBuildFile section */
		1A3DB60D1EA456E700AE7AAF /* AppDelegate.swift in Sources */ = {isa = PBXBuildFile; fileRef = 1A3DB60C1EA456E700AE7AAF /* AppDelegate.swift */; };
		1A3DB60F1EA456E700AE7AAF /* ViewController.swift in Sources */ = {isa = PBXBuildFile; fileRef = 1A3DB60E1EA456E700AE7AAF /* ViewController.swift */; };
		1A3DB6121EA456E700AE7AAF /* Main.storyboard in Resources */ = {isa = PBXBuildFile; fileRef = 1A3DB6101EA456E700AE7AAF /* Main.storyboard */; };
		1A3DB6141EA456E700AE7AAF /* Assets.xcassets in Resources */ = {isa = PBXBuildFile; fileRef = 1A3DB6131EA456E700AE7AAF /* Assets.xcassets */; };
		1A3DB6171EA456E700AE7AAF /* LaunchScreen.storyboard in Resources */ = {isa = PBXBuildFile; fileRef = 1A3DB6151EA456E700AE7AAF /* LaunchScreen.storyboard */; };
		1A3DB6221EA456E800AE7AAF /* SwitchImageUITests.swift in Sources */ = {isa = PBXBuildFile; fileRef = 1A3DB6211EA456E800AE7AAF /* SwitchImageUITests.swift */; };
/* End PBXBuildFile section */

/* Begin PBXContainerItemProxy section */
		1A3DB61E1EA456E800AE7AAF /* PBXContainerItemProxy */ = {
			isa = PBXContainerItemProxy;
			containerPortal = 1A3DB6011EA456E700AE7AAF /* Project object */;
			proxyType = 1;
			remoteGlobalIDString = 1A3DB6081EA456E700AE7AAF;
			remoteInfo = SwitchImage;
		};
/* End PBXContainerItemProxy section */

/* Begin PBXFileReference section */
		1A3DB6091EA456E700AE7AAF /* SwitchImage.app */ = {isa = PBXFileReference; explicitFileType = wrapper.application; includeInIndex = 0; path = SwitchImage.app; sourceTree = BUILT_PRODUCTS_DIR; };
		1A3DB60C1EA456E700AE7AAF /* AppDelegate.swift */ = {isa = PBXFileReference; lastKnownFileType = sourcecode.swift; path = AppDelegate.swift; sourceTree = "<group>"; };
		1A3DB60E1EA456E700AE7AAF /* ViewController.swift */ = {isa = PBXFileReference; lastKnownFileType = sourcecode.swift; path = ViewController.swift; sourceTree = "<group>"; };
		1A3DB6111EA456E700AE7AAF /* Base */ = {isa = PBXFileReference; lastKnownFileType = file.storyboard; name = Base; path = Base.lproj/Main.storyboard; sourceTree = "<group>"; };
		1A3DB6131EA456E700AE7AAF /* Assets.xcassets */ = {isa = PBXFileReference; lastKnownFileType = folder.assetcatalog; path = Assets.xcassets; sourceTree = "<group>"; };
		1A3DB6161EA456E700AE7AAF /* Base */ = {isa = PBXFileReference; lastKnownFileType = file.storyboard; name = Base; path = Base.lproj/LaunchScreen.storyboard; sourceTree = "<group>"; };
		1A3DB6181EA456E700AE7AAF /* Info.plist */ = {isa = PBXFileReference; lastKnownFileType = text.plist.xml; path = Info.plist; sourceTree = "<group>"; };
		1A3DB61D1EA456E800AE7AAF /* SwitchImageUITests.xctest */ = {isa = PBXFileReference; explicitFileType = wrapper.cfbundle; includeInIndex = 0; path = SwitchImageUITests.xctest; sourceTree = BUILT_PRODUCTS_DIR; };
		1A3DB6211EA456E800AE7AAF /* SwitchImageUITests.swift */ = {isa = PBXFileReference; lastKnownFileType = sourcecode.swift; path = SwitchImageUITests.swift; sourceTree = "<group>"; };
		1A3DB6231EA456E800AE7AAF /* Info.plist */ = {isa = PBXFileReference; lastKnownFileType = text.plist.xml; path = Info.plist; sourceTree = "<group>"; };
/* End PBXFileReference section */

/* Begin PBXFrameworksBuildPhase section */
		1A3DB6061EA456E700AE7AAF /* Frameworks */ = {
			isa = PBXFrameworksBuildPhase;
			buildActionMask = 2147483647;
			files = (
			);
			runOnlyForDeploymentPostprocessing = 0;
		};
		1A3DB61A1EA456E800AE7AAF /* Frameworks */ = {
			isa = PBXFrameworksBuildPhase;
			buildActionMask = 2147483647;
			files = (
			);
			runOnlyForDeploymentPostprocessing = 0;
		};
/* End PBXFrameworksBuildPhase section */

/* Begin PBXGroup section */
		1A3DB6001EA456E700AE7AAF = {
			isa = PBXGroup;
			children = (
				1A3DB60B1EA456E700AE7AAF /* SwitchImage */,
				1A3DB6201EA456E800AE7AAF /* SwitchImageUITests */,
				1A3DB60A1EA456E700AE7AAF /* Products */,
			);
			sourceTree = "<group>";
		};
		1A3DB60A1EA456E700AE7AAF /* Products */ = {
			isa = PBXGroup;
			children = (
				1A3DB6091EA456E700AE7AAF /* SwitchImage.app */,
				1A3DB61D1EA456E800AE7AAF /* SwitchImageUITests.xctest */,
			);
			name = Products;
			sourceTree = "<group>";
		};
		1A3DB60B1EA456E700AE7AAF /* SwitchImage */ = {
			isa = PBXGroup;
			children = (
				1A3DB60C1EA456E700AE7AAF /* AppDelegate.swift */,
				1A3DB60E1EA456E700AE7AAF /* ViewController.swift */,
				1A3DB6101EA456E700AE7AAF /* Main.storyboard */,
				1A3DB6131EA456E700AE7AAF /* Assets.xcassets */,
				1A3DB6151EA456E700AE7AAF /* LaunchScreen.storyboard */,
				1A3DB6181EA456E700AE7AAF /* Info.plist */,
			);
			path = SwitchImage;
			sourceTree = "<group>";
		};
		1A3DB6201EA456E800AE7AAF /* SwitchImageUITests */ = {
			isa = PBXGroup;
			children = (
				1A3DB6211EA456E800AE7AAF /* SwitchImageUITests.swift */,
				1A3DB6231EA456E800AE7AAF /* Info.plist */,
			);
			path = SwitchImageUITests;
			sourceTree = "<group>";
		};
/* End PBXGroup section */

/* Begin PBXNativeTarget section */
		1A3DB6081EA456E700AE7AAF /* SwitchImage */ = {
			isa = PBXNativeTarget;
			buildConfigurationList = 1A3DB6261EA456E800AE7AAF /* Build configuration list for PBXNativeTarget "SwitchImage" */;
			buildPhases = (
				1A3DB6051EA456E700AE7AAF /* Sources */,
				1A3DB6061EA456E700AE7AAF /* Frameworks */,
				1A3DB6071EA456E700AE7AAF /* Resources */,
			);
			buildRules = (
			);
			dependencies = (
			);
			name = SwitchImage;
			productName = SwitchImage;
			productReference = 1A3DB6091EA456E700AE7AAF /* SwitchImage.app */;
			productType = "com.apple.product-type.application";
		};
		1A3DB61C1EA456E800AE7AAF /* SwitchImageUITests */ = {
			isa = PBXNativeTarget;
			buildConfigurationList = 1A3DB6291EA456E800AE7AAF /* Build configuration list for PBXNativeTarget "SwitchImageUITests" */;
			buildPhases = (
				1A3DB6191EA456E800AE7AAF /* Sources */,
				1A3DB61A1EA456E800AE7AAF /* Frameworks */,
				1A3DB61B1EA456E800AE7AAF /* Resources */,
			);
			buildRules = (
			);
			dependencies = (
				1A3DB61F1EA456E800AE7AAF /* PBXTargetDependency */,
			);
			name = SwitchImageUITests;
			productName = SwitchImageUITests;
			productReference = 1A3DB61D1EA456E800AE7AAF /* SwitchImageUITests.xctest */;
			productType = "com.apple.product-type.bundle.ui-testing";
		};
/* End PBXNativeTarget section */

/* Begin PBXProject section */
		1A3DB6011EA456E700AE7AAF /* Project object */ = {
			isa = PBXProject;
			attributes = {
				LastSwiftUpdateCheck = 0830;
				LastUpgradeCheck = 0830;
				ORGANIZATIONNAME = "i-link";
				TargetAttributes = {
					1A3DB6081EA456E700AE7AAF = {
						CreatedOnToolsVersion = 8.3.1;
						DevelopmentTeam = Y6M85LFCWQ;
						ProvisioningStyle = Automatic;
					};
					1A3DB61C1EA456E800AE7AAF = {
						CreatedOnToolsVersion = 8.3.1;
						DevelopmentTeam = Y6M85LFCWQ;
						ProvisioningStyle = Automatic;
						TestTargetID = 1A3DB6081EA456E700AE7AAF;
					};
				};
			};
			buildConfigurationList = 1A3DB6041EA456E700AE7AAF /* Build configuration list for PBXProject "SwitchImage" */;
			compatibilityVersion = "Xcode 3.2";
			developmentRegion = English;
			hasScannedForEncodings = 0;
			knownRegions = (
				en,
				Base,
			);
			mainGroup = 1A3DB6001EA456E700AE7AAF;
			productRefGroup = 1A3DB60A1EA456E700AE7AAF /* Products */;
			projectDirPath = "";
			projectRoot = "";
			targets = (
				1A3DB6081EA456E700AE7AAF /* SwitchImage */,
				1A3DB61C1EA456E800AE7AAF /* SwitchImageUITests */,
			);
		};
/* End PBXProject section */

/* Begin PBXResourcesBuildPhase section */
		1A3DB6071EA456E700AE7AAF /* Resources */ = {
			isa = PBXResourcesBuildPhase;
			buildActionMask = 2147483647;
			files = (
				1A3DB6171EA456E700AE7AAF /* LaunchScreen.storyboard in Resources */,
				1A3DB6141EA456E700AE7AAF /* Assets.xcassets in Resources */,
				1A3DB6121EA456E700AE7AAF /* Main.storyboard in Resources */,
			);
			runOnlyForDeploymentPostprocessing = 0;
		};
		1A3DB61B1EA456E800AE7AAF /* Resources */ = {
			isa = PBXResourcesBuildPhase;
			buildActionMask = 2147483647;
			files = (
			);
			runOnlyForDeploymentPostprocessing = 0;
		};
/* End PBXResourcesBuildPhase section */

/* Begin PBXSourcesBuildPhase section */
		1A3DB6051EA456E700AE7AAF /* Sources */ = {
			isa = PBXSourcesBuildPhase;
			buildActionMask = 2147483647;
			files = (
				1A3DB60F1EA456E700AE7AAF /* ViewController.swift in Sources */,
				1A3DB60D1EA456E700AE7AAF /* AppDelegate.swift in Sources */,
			);
			runOnlyForDeploymentPostprocessing = 0;
		};
		1A3DB6191EA456E800AE7AAF /* Sources */ = {
			isa = PBXSourcesBuildPhase;
			buildActionMask = 2147483647;
			files = (
				1A3DB6221EA456E800AE7AAF /* SwitchImageUITests.swift in Sources */,
			);
			runOnlyForDeploymentPostprocessing = 0;
		};
/* End PBXSourcesBuildPhase section */

/* Begin PBXTargetDependency section */
		1A3DB61F1EA456E800AE7AAF /* PBXTargetDependency */ = {
			isa = PBXTargetDependency;
			target = 1A3DB6081EA456E700AE7AAF /* SwitchImage */;
			targetProxy = 1A3DB61E1EA456E800AE7AAF /* PBXContainerItemProxy */;
		};
/* End PBXTargetDependency section */

/* Begin PBXVariantGroup section */
		1A3DB6101EA456E700AE7AAF /* Main.storyboard */ = {
			isa = PBXVariantGroup;
			children = (
				1A3DB6111EA456E700AE7AAF /* Base */,
			);
			name = Main.storyboard;
			sourceTree = "<group>";
		};
		1A3DB6151EA456E700AE7AAF /* LaunchScreen.storyboard */ = {
			isa = PBXVariantGroup;
			children = (
				1A3DB6161EA456E700AE7AAF /* Base */,
			);
			name = LaunchScreen.storyboard;
			sourceTree = "<group>";
		};
/* End PBXVariantGroup section */

/* Begin XCBuildConfiguration section */
		1A3DB6241EA456E800AE7AAF /* Debug */ = {
			isa = XCBuildConfiguration;
			buildSettings = {
				ALWAYS_SEARCH_USER_PATHS = NO;
				CLANG_ANALYZER_NONNULL = YES;
				CLANG_ANALYZER_NUMBER_OBJECT_CONVERSION = YES_AGGRESSIVE;
				CLANG_CXX_LANGUAGE_STANDARD = "gnu++0x";
				CLANG_CXX_LIBRARY = "libc++";
				CLANG_ENABLE_MODULES = YES;
				CLANG_ENABLE_OBJC_ARC = YES;
				CLANG_WARN_BOOL_CONVERSION = YES;
				CLANG_WARN_CONSTANT_CONVERSION = YES;
				CLANG_WARN_DIRECT_OBJC_ISA_USAGE = YES_ERROR;
				CLANG_WARN_DOCUMENTATION_COMMENTS = YES;
				CLANG_WARN_EMPTY_BODY = YES;
				CLANG_WARN_ENUM_CONVERSION = YES;
				CLANG_WARN_INFINITE_RECURSION = YES;
				CLANG_WARN_INT_CONVERSION = YES;
				CLANG_WARN_OBJC_ROOT_CLASS = YES_ERROR;
				CLANG_WARN_SUSPICIOUS_MOVE = YES;
				CLANG_WARN_UNREACHABLE_CODE = YES;
				CLANG_WARN__DUPLICATE_METHOD_MATCH = YES;
				"CODE_SIGN_IDENTITY[sdk=iphoneos*]" = "iPhone Developer";
				COPY_PHASE_STRIP = NO;
				DEBUG_INFORMATION_FORMAT = dwarf;
				ENABLE_STRICT_OBJC_MSGSEND = YES;
				ENABLE_TESTABILITY = YES;
				GCC_C_LANGUAGE_STANDARD = gnu99;
				GCC_DYNAMIC_NO_PIC = NO;
				GCC_NO_COMMON_BLOCKS = YES;
				GCC_OPTIMIZATION_LEVEL = 0;
				GCC_PREPROCESSOR_DEFINITIONS = (
					"DEBUG=1",
					"$(inherited)",
				);
				GCC_WARN_64_TO_32_BIT_CONVERSION = YES;
				GCC_WARN_ABOUT_RETURN_TYPE = YES_ERROR;
				GCC_WARN_UNDECLARED_SELECTOR = YES;
				GCC_WARN_UNINITIALIZED_AUTOS = YES_AGGRESSIVE;
				GCC_WARN_UNUSED_FUNCTION = YES;
				GCC_WARN_UNUSED_VARIABLE = YES;
				IPHONEOS_DEPLOYMENT_TARGET = 10.3;
				MTL_ENABLE_DEBUG_INFO = YES;
				ONLY_ACTIVE_ARCH = YES;
				SDKROOT = iphoneos;
				SWIFT_ACTIVE_COMPILATION_CONDITIONS = DEBUG;
				SWIFT_OPTIMIZATION_LEVEL = "-Onone";
				TARGETED_DEVICE_FAMILY = "1,2";
			};
			name = Debug;
		};
		1A3DB6251EA456E800AE7AAF /* Release */ = {
			isa = XCBuildConfiguration;
			buildSettings = {
				ALWAYS_SEARCH_USER_PATHS = NO;
				CLANG_ANALYZER_NONNULL = YES;
				CLANG_ANALYZER_NUMBER_OBJECT_CONVERSION = YES_AGGRESSIVE;
				CLANG_CXX_LANGUAGE_STANDARD = "gnu++0x";
				CLANG_CXX_LIBRARY = "libc++";
				CLANG_ENABLE_MODULES = YES;
				CLANG_ENABLE_OBJC_ARC = YES;
				CLANG_WARN_BOOL_CONVERSION = YES;
				CLANG_WARN_CONSTANT_CONVERSION = YES;
				CLANG_WARN_DIRECT_OBJC_ISA_USAGE = YES_ERROR;
				CLANG_WARN_DOCUMENTATION_COMMENTS = YES;
				CLANG_WARN_EMPTY_BODY = YES;
				CLANG_WARN_ENUM_CONVERSION = YES;
				CLANG_WARN_INFINITE_RECURSION = YES;
				CLANG_WARN_INT_CONVERSION = YES;
				CLANG_WARN_OBJC_ROOT_CLASS = YES_ERROR;
				CLANG_WARN_SUSPICIOUS_MOVE = YES;
				CLANG_WARN_UNREACHABLE_CODE = YES;
				CLANG_WARN__DUPLICATE_METHOD_MATCH = YES;
				"CODE_SIGN_IDENTITY[sdk=iphoneos*]" = "iPhone Developer";
				COPY_PHASE_STRIP = NO;
				DEBUG_INFORMATION_FORMAT = "dwarf-with-dsym";
				ENABLE_NS_ASSERTIONS = NO;
				ENABLE_STRICT_OBJC_MSGSEND = YES;
				GCC_C_LANGUAGE_STANDARD = gnu99;
				GCC_NO_COMMON_BLOCKS = YES;
				GCC_WARN_64_TO_32_BIT_CONVERSION = YES;
				GCC_WARN_ABOUT_RETURN_TYPE = YES_ERROR;
				GCC_WARN_UNDECLARED_SELECTOR = YES;
				GCC_WARN_UNINITIALIZED_AUTOS = YES_AGGRESSIVE;
				GCC_WARN_UNUSED_FUNCTION = YES;
				GCC_WARN_UNUSED_VARIABLE = YES;
				IPHONEOS_DEPLOYMENT_TARGET = 10.3;
				MTL_ENABLE_DEBUG_INFO = NO;
				SDKROOT = iphoneos;
				SWIFT_OPTIMIZATION_LEVEL = "-Owholemodule";
				TARGETED_DEVICE_FAMILY = "1,2";
				VALIDATE_PRODUCT = YES;
			};
			name = Release;
		};
		1A3DB6271EA456E800AE7AAF /* Debug */ = {
			isa = XCBuildConfiguration;
			buildSettings = {
				ASSETCATALOG_COMPILER_APPICON_NAME = AppIcon;
				DEVELOPMENT_TEAM = Y6M85LFCWQ;
				INFOPLIST_FILE = SwitchImage/Info.plist;
				LD_RUNPATH_SEARCH_PATHS = "$(inherited) @executable_path/Frameworks";
				PRODUCT_BUNDLE_IDENTIFIER = "tw.i-link.SwitchImage";
				PRODUCT_NAME = "$(TARGET_NAME)";
				SWIFT_VERSION = 3.0;
			};
			name = Debug;
		};
		1A3DB6281EA456E800AE7AAF /* Release */ = {
			isa = XCBuildConfiguration;
			buildSettings = {
				ASSETCATALOG_COMPILER_APPICON_NAME = AppIcon;
				DEVELOPMENT_TEAM = Y6M85LFCWQ;
				INFOPLIST_FILE = SwitchImage/Info.plist;
				LD_RUNPATH_SEARCH_PATHS = "$(inherited) @executable_path/Frameworks";
				PRODUCT_BUNDLE_IDENTIFIER = "tw.i-link.SwitchImage";
				PRODUCT_NAME = "$(TARGET_NAME)";
				SWIFT_VERSION = 3.0;
			};
			name = Release;
		};
		1A3DB62A1EA456E800AE7AAF /* Debug */ = {
			isa = XCBuildConfiguration;
			buildSettings = {
				ALWAYS_EMBED_SWIFT_STANDARD_LIBRARIES = YES;
				DEVELOPMENT_TEAM = Y6M85LFCWQ;
				INFOPLIST_FILE = SwitchImageUITests/Info.plist;
				LD_RUNPATH_SEARCH_PATHS = "$(inherited) @executable_path/Frameworks @loader_path/Frameworks";
				PRODUCT_BUNDLE_IDENTIFIER = "tw.i-link.SwitchImageUITests";
				PRODUCT_NAME = "$(TARGET_NAME)";
				SWIFT_VERSION = 3.0;
				TEST_TARGET_NAME = SwitchImage;
			};
			name = Debug;
		};
		1A3DB62B1EA456E800AE7AAF /* Release */ = {
			isa = XCBuildConfiguration;
			buildSettings = {
				ALWAYS_EMBED_SWIFT_STANDARD_LIBRARIES = YES;
				DEVELOPMENT_TEAM = Y6M85LFCWQ;
				INFOPLIST_FILE = SwitchImageUITests/Info.plist;
				LD_RUNPATH_SEARCH_PATHS = "$(inherited) @executable_path/Frameworks @loader_path/Frameworks";
				PRODUCT_BUNDLE_IDENTIFIER = "tw.i-link.SwitchImageUITests";
				PRODUCT_NAME = "$(TARGET_NAME)";
				SWIFT_VERSION = 3.0;
				TEST_TARGET_NAME = SwitchImage;
			};
			name = Release;
		};
/* End XCBuildConfiguration section */

/* Begin XCConfigurationList section */
		1A3DB6041EA456E700AE7AAF /* Build configuration list for PBXProject "SwitchImage" */ = {
			isa = XCConfigurationList;
			buildConfigurations = (
				1A3DB6241EA456E800AE7AAF /* Debug */,
				1A3DB6251EA456E800AE7AAF /* Release */,
			);
			defaultConfigurationIsVisible = 0;
			defaultConfigurationName = Release;
		};
		1A3DB6261EA456E800AE7AAF /* Build configuration list for PBXNativeTarget "SwitchImage" */ = {
			isa = XCConfigurationList;
			buildConfigurations = (
				1A3DB6271EA456E800AE7AAF /* Debug */,
				1A3DB6281EA456E800AE7AAF /* Release */,
			);
			defaultConfigurationIsVisible = 0;
		};
		1A3DB6291EA456E800AE7AAF /* Build configuration list for PBXNativeTarget "SwitchImageUITests" */ = {
			isa = XCConfigurationList;
			buildConfigurations = (
				1A3DB62A1EA456E800AE7AAF /* Debug */,
				1A3DB62B1EA456E800AE7AAF /* Release */,
			);
			defaultConfigurationIsVisible = 0;
		};
/* End XCConfigurationList section */
	};
	rootObject = 1A3DB6011EA456E700AE7AAF /* Project object */;
}
