// !$*UTF8*$!
{
	archiveVersion = 1;
	classes = {
	};
	objectVersion = 46;
	objects = {

/* Begin PBXBuildFile section */
		1A055BC11E9F176300A8E170 /* AppDelegate.swift in Sources */ = {isa = PBXBuildFile; fileRef = 1A055BC01E9F176300A8E170 /* AppDelegate.swift */; };
		1A055BC31E9F176300A8E170 /* ViewController.swift in Sources */ = {isa = PBXBuildFile; fileRef = 1A055BC21E9F176300A8E170 /* ViewController.swift */; };
		1A055BC61E9F176300A8E170 /* Main.storyboard in Resources */ = {isa = PBXBuildFile; fileRef = 1A055BC41E9F176300A8E170 /* Main.storyboard */; };
		1A055BC81E9F176300A8E170 /* Assets.xcassets in Resources */ = {isa = PBXBuildFile; fileRef = 1A055BC71E9F176300A8E170 /* Assets.xcassets */; };
		1A055BCB1E9F176300A8E170 /* LaunchScreen.storyboard in Resources */ = {isa = PBXBuildFile; fileRef = 1A055BC91E9F176300A8E170 /* LaunchScreen.storyboard */; };
		1A055BD61E9F176300A8E170 /* Hello_AutomationUITests.swift in Sources */ = {isa = PBXBuildFile; fileRef = 1A055BD51E9F176300A8E170 /* Hello_AutomationUITests.swift */; };
/* End PBXBuildFile section */

/* Begin PBXContainerItemProxy section */
		1A055BD21E9F176300A8E170 /* PBXContainerItemProxy */ = {
			isa = PBXContainerItemProxy;
			containerPortal = 1A055BB51E9F176300A8E170 /* Project object */;
			proxyType = 1;
			remoteGlobalIDString = 1A055BBC1E9F176300A8E170;
			remoteInfo = "Hello Automation";
		};
/* End PBXContainerItemProxy section */

/* Begin PBXFileReference section */
		1A055BBD1E9F176300A8E170 /* Hello Automation.app */ = {isa = PBXFileReference; explicitFileType = wrapper.application; includeInIndex = 0; path = "Hello Automation.app"; sourceTree = BUILT_PRODUCTS_DIR; };
		1A055BC01E9F176300A8E170 /* AppDelegate.swift */ = {isa = PBXFileReference; lastKnownFileType = sourcecode.swift; path = AppDelegate.swift; sourceTree = "<group>"; };
		1A055BC21E9F176300A8E170 /* ViewController.swift */ = {isa = PBXFileReference; lastKnownFileType = sourcecode.swift; path = ViewController.swift; sourceTree = "<group>"; };
		1A055BC51E9F176300A8E170 /* Base */ = {isa = PBXFileReference; lastKnownFileType = file.storyboard; name = Base; path = Base.lproj/Main.storyboard; sourceTree = "<group>"; };
		1A055BC71E9F176300A8E170 /* Assets.xcassets */ = {isa = PBXFileReference; lastKnownFileType = folder.assetcatalog; path = Assets.xcassets; sourceTree = "<group>"; };
		1A055BCA1E9F176300A8E170 /* Base */ = {isa = PBXFileReference; lastKnownFileType = file.storyboard; name = Base; path = Base.lproj/LaunchScreen.storyboard; sourceTree = "<group>"; };
		1A055BCC1E9F176300A8E170 /* Info.plist */ = {isa = PBXFileReference; lastKnownFileType = text.plist.xml; path = Info.plist; sourceTree = "<group>"; };
		1A055BD11E9F176300A8E170 /* Hello AutomationUITests.xctest */ = {isa = PBXFileReference; explicitFileType = wrapper.cfbundle; includeInIndex = 0; path = "Hello AutomationUITests.xctest"; sourceTree = BUILT_PRODUCTS_DIR; };
		1A055BD51E9F176300A8E170 /* Hello_AutomationUITests.swift */ = {isa = PBXFileReference; lastKnownFileType = sourcecode.swift; path = Hello_AutomationUITests.swift; sourceTree = "<group>"; };
		1A055BD71E9F176300A8E170 /* Info.plist */ = {isa = PBXFileReference; lastKnownFileType = text.plist.xml; path = Info.plist; sourceTree = "<group>"; };
/* End PBXFileReference section */

/* Begin PBXFrameworksBuildPhase section */
		1A055BBA1E9F176300A8E170 /* Frameworks */ = {
			isa = PBXFrameworksBuildPhase;
			buildActionMask = 2147483647;
			files = (
			);
			runOnlyForDeploymentPostprocessing = 0;
		};
		1A055BCE1E9F176300A8E170 /* Frameworks */ = {
			isa = PBXFrameworksBuildPhase;
			buildActionMask = 2147483647;
			files = (
			);
			runOnlyForDeploymentPostprocessing = 0;
		};
/* End PBXFrameworksBuildPhase section */

/* Begin PBXGroup section */
		1A055BB41E9F176300A8E170 = {
			isa = PBXGroup;
			children = (
				1A055BBF1E9F176300A8E170 /* Hello Automation */,
				1A055BD41E9F176300A8E170 /* Hello AutomationUITests */,
				1A055BBE1E9F176300A8E170 /* Products */,
			);
			sourceTree = "<group>";
		};
		1A055BBE1E9F176300A8E170 /* Products */ = {
			isa = PBXGroup;
			children = (
				1A055BBD1E9F176300A8E170 /* Hello Automation.app */,
				1A055BD11E9F176300A8E170 /* Hello AutomationUITests.xctest */,
			);
			name = Products;
			sourceTree = "<group>";
		};
		1A055BBF1E9F176300A8E170 /* Hello Automation */ = {
			isa = PBXGroup;
			children = (
				1A055BC01E9F176300A8E170 /* AppDelegate.swift */,
				1A055BC21E9F176300A8E170 /* ViewController.swift */,
				1A055BC41E9F176300A8E170 /* Main.storyboard */,
				1A055BC71E9F176300A8E170 /* Assets.xcassets */,
				1A055BC91E9F176300A8E170 /* LaunchScreen.storyboard */,
				1A055BCC1E9F176300A8E170 /* Info.plist */,
			);
			path = "Hello Automation";
			sourceTree = "<group>";
		};
		1A055BD41E9F176300A8E170 /* Hello AutomationUITests */ = {
			isa = PBXGroup;
			children = (
				1A055BD51E9F176300A8E170 /* Hello_AutomationUITests.swift */,
				1A055BD71E9F176300A8E170 /* Info.plist */,
			);
			path = "Hello AutomationUITests";
			sourceTree = "<group>";
		};
/* End PBXGroup section */

/* Begin PBXNativeTarget section */
		1A055BBC1E9F176300A8E170 /* Hello Automation */ = {
			isa = PBXNativeTarget;
			buildConfigurationList = 1A055BDA1E9F176300A8E170 /* Build configuration list for PBXNativeTarget "Hello Automation" */;
			buildPhases = (
				1A055BB91E9F176300A8E170 /* Sources */,
				1A055BBA1E9F176300A8E170 /* Frameworks */,
				1A055BBB1E9F176300A8E170 /* Resources */,
			);
			buildRules = (
			);
			dependencies = (
			);
			name = "Hello Automation";
			productName = "Hello Automation";
			productReference = 1A055BBD1E9F176300A8E170 /* Hello Automation.app */;
			productType = "com.apple.product-type.application";
		};
		1A055BD01E9F176300A8E170 /* Hello AutomationUITests */ = {
			isa = PBXNativeTarget;
			buildConfigurationList = 1A055BDD1E9F176300A8E170 /* Build configuration list for PBXNativeTarget "Hello AutomationUITests" */;
			buildPhases = (
				1A055BCD1E9F176300A8E170 /* Sources */,
				1A055BCE1E9F176300A8E170 /* Frameworks */,
				1A055BCF1E9F176300A8E170 /* Resources */,
			);
			buildRules = (
			);
			dependencies = (
				1A055BD31E9F176300A8E170 /* PBXTargetDependency */,
			);
			name = "Hello AutomationUITests";
			productName = "Hello AutomationUITests";
			productReference = 1A055BD11E9F176300A8E170 /* Hello AutomationUITests.xctest */;
			productType = "com.apple.product-type.bundle.ui-testing";
		};
/* End PBXNativeTarget section */

/* Begin PBXProject section */
		1A055BB51E9F176300A8E170 /* Project object */ = {
			isa = PBXProject;
			attributes = {
				LastSwiftUpdateCheck = 0830;
				LastUpgradeCheck = 0830;
				ORGANIZATIONNAME = "i-link";
				TargetAttributes = {
					1A055BBC1E9F176300A8E170 = {
						CreatedOnToolsVersion = 8.3.1;
						DevelopmentTeam = Y6M85LFCWQ;
						ProvisioningStyle = Automatic;
					};
					1A055BD01E9F176300A8E170 = {
						CreatedOnToolsVersion = 8.3.1;
						DevelopmentTeam = Y6M85LFCWQ;
						ProvisioningStyle = Automatic;
						TestTargetID = 1A055BBC1E9F176300A8E170;
					};
				};
			};
			buildConfigurationList = 1A055BB81E9F176300A8E170 /* Build configuration list for PBXProject "Hello Automation" */;
			compatibilityVersion = "Xcode 3.2";
			developmentRegion = English;
			hasScannedForEncodings = 0;
			knownRegions = (
				en,
				Base,
			);
			mainGroup = 1A055BB41E9F176300A8E170;
			productRefGroup = 1A055BBE1E9F176300A8E170 /* Products */;
			projectDirPath = "";
			projectRoot = "";
			targets = (
				1A055BBC1E9F176300A8E170 /* Hello Automation */,
				1A055BD01E9F176300A8E170 /* Hello AutomationUITests */,
			);
		};
/* End PBXProject section */

/* Begin PBXResourcesBuildPhase section */
		1A055BBB1E9F176300A8E170 /* Resources */ = {
			isa = PBXResourcesBuildPhase;
			buildActionMask = 2147483647;
			files = (
				1A055BCB1E9F176300A8E170 /* LaunchScreen.storyboard in Resources */,
				1A055BC81E9F176300A8E170 /* Assets.xcassets in Resources */,
				1A055BC61E9F176300A8E170 /* Main.storyboard in Resources */,
			);
			runOnlyForDeploymentPostprocessing = 0;
		};
		1A055BCF1E9F176300A8E170 /* Resources */ = {
			isa = PBXResourcesBuildPhase;
			buildActionMask = 2147483647;
			files = (
			);
			runOnlyForDeploymentPostprocessing = 0;
		};
/* End PBXResourcesBuildPhase section */

/* Begin PBXSourcesBuildPhase section */
		1A055BB91E9F176300A8E170 /* Sources */ = {
			isa = PBXSourcesBuildPhase;
			buildActionMask = 2147483647;
			files = (
				1A055BC31E9F176300A8E170 /* ViewController.swift in Sources */,
				1A055BC11E9F176300A8E170 /* AppDelegate.swift in Sources */,
			);
			runOnlyForDeploymentPostprocessing = 0;
		};
		1A055BCD1E9F176300A8E170 /* Sources */ = {
			isa = PBXSourcesBuildPhase;
			buildActionMask = 2147483647;
			files = (
				1A055BD61E9F176300A8E170 /* Hello_AutomationUITests.swift in Sources */,
			);
			runOnlyForDeploymentPostprocessing = 0;
		};
/* End PBXSourcesBuildPhase section */

/* Begin PBXTargetDependency section */
		1A055BD31E9F176300A8E170 /* PBXTargetDependency */ = {
			isa = PBXTargetDependency;
			target = 1A055BBC1E9F176300A8E170 /* Hello Automation */;
			targetProxy = 1A055BD21E9F176300A8E170 /* PBXContainerItemProxy */;
		};
/* End PBXTargetDependency section */

/* Begin PBXVariantGroup section */
		1A055BC41E9F176300A8E170 /* Main.storyboard */ = {
			isa = PBXVariantGroup;
			children = (
				1A055BC51E9F176300A8E170 /* Base */,
			);
			name = Main.storyboard;
			sourceTree = "<group>";
		};
		1A055BC91E9F176300A8E170 /* LaunchScreen.storyboard */ = {
			isa = PBXVariantGroup;
			children = (
				1A055BCA1E9F176300A8E170 /* Base */,
			);
			name = LaunchScreen.storyboard;
			sourceTree = "<group>";
		};
/* End PBXVariantGroup section */

/* Begin XCBuildConfiguration section */
		1A055BD81E9F176300A8E170 /* Debug */ = {
			isa = XCBuildConfiguration;
			buildSettings = {
				ALWAYS_SEARCH_USER_PATHS = NO;
				CLANG_ANALYZER_NONNULL = YES;
				CLANG_ANALYZER_NUMBER_OBJECT_CONVERSION = YES_AGGRESSIVE;
				CLANG_CXX_LANGUAGE_STANDARD = "gnu++0x";
				CLANG_CXX_LIBRARY = "libc++";
				CLANG_ENABLE_MODULES = YES;
				CLANG_ENABLE_OBJC_ARC = YES;
				CLANG_WARN_BOOL_CONVERSION = YES;
				CLANG_WARN_CONSTANT_CONVERSION = YES;
				CLANG_WARN_DIRECT_OBJC_ISA_USAGE = YES_ERROR;
				CLANG_WARN_DOCUMENTATION_COMMENTS = YES;
				CLANG_WARN_EMPTY_BODY = YES;
				CLANG_WARN_ENUM_CONVERSION = YES;
				CLANG_WARN_INFINITE_RECURSION = YES;
				CLANG_WARN_INT_CONVERSION = YES;
				CLANG_WARN_OBJC_ROOT_CLASS = YES_ERROR;
				CLANG_WARN_SUSPICIOUS_MOVE = YES;
				CLANG_WARN_UNREACHABLE_CODE = YES;
				CLANG_WARN__DUPLICATE_METHOD_MATCH = YES;
				"CODE_SIGN_IDENTITY[sdk=iphoneos*]" = "iPhone Developer";
				COPY_PHASE_STRIP = NO;
				DEBUG_INFORMATION_FORMAT = dwarf;
				ENABLE_STRICT_OBJC_MSGSEND = YES;
				ENABLE_TESTABILITY = YES;
				GCC_C_LANGUAGE_STANDARD = gnu99;
				GCC_DYNAMIC_NO_PIC = NO;
				GCC_NO_COMMON_BLOCKS = YES;
				GCC_OPTIMIZATION_LEVEL = 0;
				GCC_PREPROCESSOR_DEFINITIONS = (
					"DEBUG=1",
					"$(inherited)",
				);
				GCC_WARN_64_TO_32_BIT_CONVERSION = YES;
				GCC_WARN_ABOUT_RETURN_TYPE = YES_ERROR;
				GCC_WARN_UNDECLARED_SELECTOR = YES;
				GCC_WARN_UNINITIALIZED_AUTOS = YES_AGGRESSIVE;
				GCC_WARN_UNUSED_FUNCTION = YES;
				GCC_WARN_UNUSED_VARIABLE = YES;
				IPHONEOS_DEPLOYMENT_TARGET = 10.3;
				MTL_ENABLE_DEBUG_INFO = YES;
				ONLY_ACTIVE_ARCH = YES;
				SDKROOT = iphoneos;
				SWIFT_ACTIVE_COMPILATION_CONDITIONS = DEBUG;
				SWIFT_OPTIMIZATION_LEVEL = "-Onone";
				TARGETED_DEVICE_FAMILY = "1,2";
			};
			name = Debug;
		};
		1A055BD91E9F176300A8E170 /* Release */ = {
			isa = XCBuildConfiguration;
			buildSettings = {
				ALWAYS_SEARCH_USER_PATHS = NO;
				CLANG_ANALYZER_NONNULL = YES;
				CLANG_ANALYZER_NUMBER_OBJECT_CONVERSION = YES_AGGRESSIVE;
				CLANG_CXX_LANGUAGE_STANDARD = "gnu++0x";
				CLANG_CXX_LIBRARY = "libc++";
				CLANG_ENABLE_MODULES = YES;
				CLANG_ENABLE_OBJC_ARC = YES;
				CLANG_WARN_BOOL_CONVERSION = YES;
				CLANG_WARN_CONSTANT_CONVERSION = YES;
				CLANG_WARN_DIRECT_OBJC_ISA_USAGE = YES_ERROR;
				CLANG_WARN_DOCUMENTATION_COMMENTS = YES;
				CLANG_WARN_EMPTY_BODY = YES;
				CLANG_WARN_ENUM_CONVERSION = YES;
				CLANG_WARN_INFINITE_RECURSION = YES;
				CLANG_WARN_INT_CONVERSION = YES;
				CLANG_WARN_OBJC_ROOT_CLASS = YES_ERROR;
				CLANG_WARN_SUSPICIOUS_MOVE = YES;
				CLANG_WARN_UNREACHABLE_CODE = YES;
				CLANG_WARN__DUPLICATE_METHOD_MATCH = YES;
				"CODE_SIGN_IDENTITY[sdk=iphoneos*]" = "iPhone Developer";
				COPY_PHASE_STRIP = NO;
				DEBUG_INFORMATION_FORMAT = "dwarf-with-dsym";
				ENABLE_NS_ASSERTIONS = NO;
				ENABLE_STRICT_OBJC_MSGSEND = YES;
				GCC_C_LANGUAGE_STANDARD = gnu99;
				GCC_NO_COMMON_BLOCKS = YES;
				GCC_WARN_64_TO_32_BIT_CONVERSION = YES;
				GCC_WARN_ABOUT_RETURN_TYPE = YES_ERROR;
				GCC_WARN_UNDECLARED_SELECTOR = YES;
				GCC_WARN_UNINITIALIZED_AUTOS = YES_AGGRESSIVE;
				GCC_WARN_UNUSED_FUNCTION = YES;
				GCC_WARN_UNUSED_VARIABLE = YES;
				IPHONEOS_DEPLOYMENT_TARGET = 10.3;
				MTL_ENABLE_DEBUG_INFO = NO;
				SDKROOT = iphoneos;
				SWIFT_OPTIMIZATION_LEVEL = "-Owholemodule";
				TARGETED_DEVICE_FAMILY = "1,2";
				VALIDATE_PRODUCT = YES;
			};
			name = Release;
		};
		1A055BDB1E9F176300A8E170 /* Debug */ = {
			isa = XCBuildConfiguration;
			buildSettings = {
				ASSETCATALOG_COMPILER_APPICON_NAME = AppIcon;
				DEVELOPMENT_TEAM = Y6M85LFCWQ;
				INFOPLIST_FILE = "Hello Automation/Info.plist";
				LD_RUNPATH_SEARCH_PATHS = "$(inherited) @executable_path/Frameworks";
				PRODUCT_BUNDLE_IDENTIFIER = "tw.i-link.Hello-Automation";
				PRODUCT_NAME = "$(TARGET_NAME)";
				SWIFT_VERSION = 3.0;
			};
			name = Debug;
		};
		1A055BDC1E9F176300A8E170 /* Release */ = {
			isa = XCBuildConfiguration;
			buildSettings = {
				ASSETCATALOG_COMPILER_APPICON_NAME = AppIcon;
				DEVELOPMENT_TEAM = Y6M85LFCWQ;
				INFOPLIST_FILE = "Hello Automation/Info.plist";
				LD_RUNPATH_SEARCH_PATHS = "$(inherited) @executable_path/Frameworks";
				PRODUCT_BUNDLE_IDENTIFIER = "tw.i-link.Hello-Automation";
				PRODUCT_NAME = "$(TARGET_NAME)";
				SWIFT_VERSION = 3.0;
			};
			name = Release;
		};
		1A055BDE1E9F176300A8E170 /* Debug */ = {
			isa = XCBuildConfiguration;
			buildSettings = {
				ALWAYS_EMBED_SWIFT_STANDARD_LIBRARIES = YES;
				DEVELOPMENT_TEAM = Y6M85LFCWQ;
				INFOPLIST_FILE = "Hello AutomationUITests/Info.plist";
				LD_RUNPATH_SEARCH_PATHS = "$(inherited) @executable_path/Frameworks @loader_path/Frameworks";
				PRODUCT_BUNDLE_IDENTIFIER = "tw.i-link.Hello-AutomationUITests";
				PRODUCT_NAME = "$(TARGET_NAME)";
				SWIFT_VERSION = 3.0;
				TEST_TARGET_NAME = "Hello Automation";
			};
			name = Debug;
		};
		1A055BDF1E9F176300A8E170 /* Release */ = {
			isa = XCBuildConfiguration;
			buildSettings = {
				ALWAYS_EMBED_SWIFT_STANDARD_LIBRARIES = YES;
				DEVELOPMENT_TEAM = Y6M85LFCWQ;
				INFOPLIST_FILE = "Hello AutomationUITests/Info.plist";
				LD_RUNPATH_SEARCH_PATHS = "$(inherited) @executable_path/Frameworks @loader_path/Frameworks";
				PRODUCT_BUNDLE_IDENTIFIER = "tw.i-link.Hello-AutomationUITests";
				PRODUCT_NAME = "$(TARGET_NAME)";
				SWIFT_VERSION = 3.0;
				TEST_TARGET_NAME = "Hello Automation";
			};
			name = Release;
		};
/* End XCBuildConfiguration section */

/* Begin XCConfigurationList section */
		1A055BB81E9F176300A8E170 /* Build configuration list for PBXProject "Hello Automation" */ = {
			isa = XCConfigurationList;
			buildConfigurations = (
				1A055BD81E9F176300A8E170 /* Debug */,
				1A055BD91E9F176300A8E170 /* Release */,
			);
			defaultConfigurationIsVisible = 0;
			defaultConfigurationName = Release;
		};
		1A055BDA1E9F176300A8E170 /* Build configuration list for PBXNativeTarget "Hello Automation" */ = {
			isa = XCConfigurationList;
			buildConfigurations = (
				1A055BDB1E9F176300A8E170 /* Debug */,
				1A055BDC1E9F176300A8E170 /* Release */,
			);
			defaultConfigurationIsVisible = 0;
		};
		1A055BDD1E9F176300A8E170 /* Build configuration list for PBXNativeTarget "Hello AutomationUITests" */ = {
			isa = XCConfigurationList;
			buildConfigurations = (
				1A055BDE1E9F176300A8E170 /* Debug */,
				1A055BDF1E9F176300A8E170 /* Release */,
			);
			defaultConfigurationIsVisible = 0;
		};
/* End XCConfigurationList section */
	};
	rootObject = 1A055BB51E9F176300A8E170 /* Project object */;
}
